
Microsoft Visual Studio Solution File, Format Version 12.00
# Visual Studio Version 17
VisualStudioVersion = 17.2.32630.192
MinimumVisualStudioVersion = 10.0.40219.1
Project("{FAE04EC0-301F-11D3-BF4B-00C04F79EFBC}") = "MyMobile.Android", "MyMobile\MyMobile.Android\MyMobile.Android.csproj", "{78EB455B-D202-4F3F-955D-E43E2E088A54}"
EndProject
Project("{FAE04EC0-301F-11D3-BF4B-00C04F79EFBC}") = "MyMobile.iOS", "MyMobile\MyMobile.iOS\MyMobile.iOS.csproj", "{D5689150-A1A3-49C3-B1D1-6846C14F3AD0}"
EndProject
Project("{FAE04EC0-301F-11D3-BF4B-00C04F79EFBC}") = "MyMobile", "MyMobile\MyMobile\MyMobile.csproj", "{181C4C70-3948-43BF-9F3E-F1C89B5DBA57}"
EndProject
Global
	GlobalSection(SolutionConfigurationPlatforms) = preSolution
		Debug|Any CPU = Debug|Any CPU
		Debug|iPhone = Debug|iPhone
		Debug|iPhoneSimulator = Debug|iPhoneSimulator
		Release|Any CPU = Release|Any CPU
		Release|iPhone = Release|iPhone
		Release|iPhoneSimulator = Release|iPhoneSimulator
	EndGlobalSection
	GlobalSection(ProjectConfigurationPlatforms) = postSolution
		{78EB455B-D202-4F3F-955D-E43E2E088A54}.Debug|Any CPU.ActiveCfg = Debug|Any CPU
		{78EB455B-D202-4F3F-955D-E43E2E088A54}.Debug|Any CPU.Build.0 = Debug|Any CPU
		{78EB455B-D202-4F3F-955D-E43E2E088A54}.Debug|Any CPU.Deploy.0 = Debug|Any CPU
		{78EB455B-D202-4F3F-955D-E43E2E088A54}.Debug|iPhone.ActiveCfg = Debug|Any CPU
		{78EB455B-D202-4F3F-955D-E43E2E088A54}.Debug|iPhone.Build.0 = Debug|Any CPU
		{78EB455B-D202-4F3F-955D-E43E2E088A54}.Debug|iPhone.Deploy.0 = Debug|Any CPU
		{78EB455B-D202-4F3F-955D-E43E2E088A54}.Debug|iPhoneSimulator.ActiveCfg = Debug|Any CPU
		{78EB455B-D202-4F3F-955D-E43E2E088A54}.Debug|iPhoneSimulator.Build.0 = Debug|Any CPU
		{78EB455B-D202-4F3F-955D-E43E2E088A54}.Debug|iPhoneSimulator.Deploy.0 = Debug|Any CPU
		{78EB455B-D202-4F3F-955D-E43E2E088A54}.Release|Any CPU.ActiveCfg = Release|Any CPU
		{78EB455B-D202-4F3F-955D-E43E2E088A54}.Release|Any CPU.Build.0 = Release|Any CPU
		{78EB455B-D202-4F3F-955D-E43E2E088A54}.Release|Any CPU.Deploy.0 = Release|Any CPU
		{78EB455B-D202-4F3F-955D-E43E2E088A54}.Release|iPhone.ActiveCfg = Release|Any CPU
		{78EB455B-D202-4F3F-955D-E43E2E088A54}.Release|iPhone.Build.0 = Release|Any CPU
		{78EB455B-D202-4F3F-955D-E43E2E088A54}.Release|iPhone.Deploy.0 = Release|Any CPU
		{78EB455B-D202-4F3F-955D-E43E2E088A54}.Release|iPhoneSimulator.ActiveCfg = Release|Any CPU
		{78EB455B-D202-4F3F-955D-E43E2E088A54}.Release|iPhoneSimulator.Build.0 = Release|Any CPU
		{78EB455B-D202-4F3F-955D-E43E2E088A54}.Release|iPhoneSimulator.Deploy.0 = Release|Any CPU
		{D5689150-A1A3-49C3-B1D1-6846C14F3AD0}.Debug|Any CPU.ActiveCfg = Debug|iPhone
		{D5689150-A1A3-49C3-B1D1-6846C14F3AD0}.Debug|Any CPU.Build.0 = Debug|iPhone
		{D5689150-A1A3-49C3-B1D1-6846C14F3AD0}.Debug|Any CPU.Deploy.0 = Debug|iPhone
		{D5689150-A1A3-49C3-B1D1-6846C14F3AD0}.Debug|iPhone.ActiveCfg = Debug|iPhone
		{D5689150-A1A3-49C3-B1D1-6846C14F3AD0}.Debug|iPhone.Build.0 = Debug|iPhone
		{D5689150-A1A3-49C3-B1D1-6846C14F3AD0}.Debug|iPhone.Deploy.0 = Debug|iPhone
		{D5689150-A1A3-49C3-B1D1-6846C14F3AD0}.Debug|iPhoneSimulator.ActiveCfg = Debug|iPhoneSimulator
		{D5689150-A1A3-49C3-B1D1-6846C14F3AD0}.Debug|iPhoneSimulator.Build.0 = Debug|iPhoneSimulator
		{D5689150-A1A3-49C3-B1D1-6846C14F3AD0}.Debug|iPhoneSimulator.Deploy.0 = Debug|iPhoneSimulator
		{D5689150-A1A3-49C3-B1D1-6846C14F3AD0}.Release|Any CPU.ActiveCfg = Release|iPhoneSimulator
		{D5689150-A1A3-49C3-B1D1-6846C14F3AD0}.Release|Any CPU.Build.0 = Release|iPhoneSimulator
		{D5689150-A1A3-49C3-B1D1-6846C14F3AD0}.Release|Any CPU.Deploy.0 = Release|iPhoneSimulator
		{D5689150-A1A3-49C3-B1D1-6846C14F3AD0}.Release|iPhone.ActiveCfg = Release|iPhone
		{D5689150-A1A3-49C3-B1D1-6846C14F3AD0}.Release|iPhone.Build.0 = Release|iPhone
		{D5689150-A1A3-49C3-B1D1-6846C14F3AD0}.Release|iPhone.Deploy.0 = Release|iPhone
		{D5689150-A1A3-49C3-B1D1-6846C14F3AD0}.Release|iPhoneSimulator.ActiveCfg = Release|iPhoneSimulator
		{D5689150-A1A3-49C3-B1D1-6846C14F3AD0}.Release|iPhoneSimulator.Build.0 = Release|iPhoneSimulator
		{D5689150-A1A3-49C3-B1D1-6846C14F3AD0}.Release|iPhoneSimulator.Deploy.0 = Release|iPhoneSimulator
		{181C4C70-3948-43BF-9F3E-F1C89B5DBA57}.Debug|Any CPU.ActiveCfg = Debug|Any CPU
		{181C4C70-3948-43BF-9F3E-F1C89B5DBA57}.Debug|Any CPU.Build.0 = Debug|Any CPU
		{181C4C70-3948-43BF-9F3E-F1C89B5DBA57}.Debug|Any CPU.Deploy.0 = Debug|Any CPU
		{181C4C70-3948-43BF-9F3E-F1C89B5DBA57}.Debug|iPhone.ActiveCfg = Debug|Any CPU
		{181C4C70-3948-43BF-9F3E-F1C89B5DBA57}.Debug|iPhone.Build.0 = Debug|Any CPU
		{181C4C70-3948-43BF-9F3E-F1C89B5DBA57}.Debug|iPhone.Deploy.0 = Debug|Any CPU
		{181C4C70-3948-43BF-9F3E-F1C89B5DBA57}.Debug|iPhoneSimulator.ActiveCfg = Debug|Any CPU
		{181C4C70-3948-43BF-9F3E-F1C89B5DBA57}.Debug|iPhoneSimulator.Build.0 = Debug|Any CPU
		{181C4C70-3948-43BF-9F3E-F1C89B5DBA57}.Debug|iPhoneSimulator.Deploy.0 = Debug|Any CPU
		{181C4C70-3948-43BF-9F3E-F1C89B5DBA57}.Release|Any CPU.ActiveCfg = Release|Any CPU
		{181C4C70-3948-43BF-9F3E-F1C89B5DBA57}.Release|Any CPU.Build.0 = Release|Any CPU
		{181C4C70-3948-43BF-9F3E-F1C89B5DBA57}.Release|Any CPU.Deploy.0 = Release|Any CPU
		{181C4C70-3948-43BF-9F3E-F1C89B5DBA57}.Release|iPhone.ActiveCfg = Release|Any CPU
		{181C4C70-3948-43BF-9F3E-F1C89B5DBA57}.Release|iPhone.Build.0 = Release|Any CPU
		{181C4C70-3948-43BF-9F3E-F1C89B5DBA57}.Release|iPhone.Deploy.0 = Release|Any CPU
		{181C4C70-3948-43BF-9F3E-F1C89B5DBA57}.Release|iPhoneSimulator.ActiveCfg = Release|Any CPU
		{181C4C70-3948-43BF-9F3E-F1C89B5DBA57}.Release|iPhoneSimulator.Build.0 = Release|Any CPU
		{181C4C70-3948-43BF-9F3E-F1C89B5DBA57}.Release|iPhoneSimulator.Deploy.0 = Release|Any CPU
	EndGlobalSection
	GlobalSection(SolutionProperties) = preSolution
		HideSolutionNode = FALSE
	EndGlobalSection
	GlobalSection(ExtensibilityGlobals) = postSolution
		SolutionGuid = {CC1965D4-EA22-4982-BDF8-C1E9F3017CFD}
	EndGlobalSection
EndGlobal
